
Microsoft Visual Studio Solution File, Format Version 12.00
# Visual Studio Version 16
VisualStudioVersion = 16.0.29215.179
MinimumVisualStudioVersion = 10.0.40219.1
Project("{FAE04EC0-301F-11D3-BF4B-00C04F79EFBC}") = "SereneApp.Web", "SereneApp.Web\SereneApp.Web.csproj", "{80C883D3-E610-42C3-95F9-96FF3800DA98}"
EndProject
Global
	GlobalSection(SolutionConfigurationPlatforms) = preSolution
		Debug|Any CPU = Debug|Any CPU
		Release|Any CPU = Release|Any CPU
	EndGlobalSection
	GlobalSection(ProjectConfigurationPlatforms) = postSolution
		{80C883D3-E610-42C3-95F9-96FF3800DA98}.Debug|Any CPU.ActiveCfg = Debug|Any CPU
		{80C883D3-E610-42C3-95F9-96FF3800DA98}.Debug|Any CPU.Build.0 = Debug|Any CPU
		{80C883D3-E610-42C3-95F9-96FF3800DA98}.Release|Any CPU.ActiveCfg = Release|Any CPU
		{80C883D3-E610-42C3-95F9-96FF3800DA98}.Release|Any CPU.Build.0 = Release|Any CPU
	EndGlobalSection
	GlobalSection(SolutionProperties) = preSolution
		HideSolutionNode = FALSE
	EndGlobalSection
	GlobalSection(ExtensibilityGlobals) = postSolution
		SolutionGuid = {037694CF-E98A-4FF4-A934-B878AA5A3BDD}
	EndGlobalSection
EndGlobal
